
Microsoft Visual Studio Solution File, Format Version 11.00
# Visual Studio 2010
Project("{E24C65DC-7377-472B-9ABA-BC803B73C61A}") = "OpenSARC2", "..\OpenSARC2", "{60704CCF-40C0-432B-AF91-169A49F0CAF5}"
	ProjectSection(WebsiteProperties) = preProject
		TargetFrameworkMoniker = ".NETFramework,Version%3Dv4.0"
		Debug.AspNetCompiler.VirtualPath = "/OpenSARC2"
		Debug.AspNetCompiler.PhysicalPath = "..\OpenSARC2\"
		Debug.AspNetCompiler.TargetPath = "PrecompiledWeb\OpenSARC2\"
		Debug.AspNetCompiler.Updateable = "true"
		Debug.AspNetCompiler.ForceOverwrite = "true"
		Debug.AspNetCompiler.FixedNames = "false"
		Debug.AspNetCompiler.Debug = "True"
		Release.AspNetCompiler.VirtualPath = "/OpenSARC2"
		Release.AspNetCompiler.PhysicalPath = "..\OpenSARC2\"
		Release.AspNetCompiler.TargetPath = "PrecompiledWeb\OpenSARC2\"
		Release.AspNetCompiler.Updateable = "true"
		Release.AspNetCompiler.ForceOverwrite = "true"
		Release.AspNetCompiler.FixedNames = "false"
		Release.AspNetCompiler.Debug = "False"
		VWDPort = "30872"
		DefaultWebSiteLanguage = "Visual C#"
	EndProjectSection
EndProject
Global
	GlobalSection(SolutionConfigurationPlatforms) = preSolution
		Debug|Any CPU = Debug|Any CPU
		Deploy|Any CPU = Deploy|Any CPU
	EndGlobalSection
	GlobalSection(ProjectConfigurationPlatforms) = postSolution
		{60704CCF-40C0-432B-AF91-169A49F0CAF5}.Debug|Any CPU.ActiveCfg = Debug|Any CPU
		{60704CCF-40C0-432B-AF91-169A49F0CAF5}.Debug|Any CPU.Build.0 = Debug|Any CPU
		{60704CCF-40C0-432B-AF91-169A49F0CAF5}.Deploy|Any CPU.ActiveCfg = Debug|Any CPU
		{60704CCF-40C0-432B-AF91-169A49F0CAF5}.Deploy|Any CPU.Build.0 = Debug|Any CPU
	EndGlobalSection
	GlobalSection(SolutionProperties) = preSolution
		HideSolutionNode = FALSE
	EndGlobalSection
EndGlobal
